
Microsoft Visual Studio Solution File, Format Version 12.00
# Visual Studio Version 17
VisualStudioVersion = 17.5.33516.290
MinimumVisualStudioVersion = 10.0.40219.1
Project("{FAE04EC0-301F-11D3-BF4B-00C04F79EFBC}") = "eTickets", "eTickets.csproj", "{D511B78B-B3B3-4E91-9C4E-0EDAB9760958}"
EndProject
Global
	GlobalSection(SolutionConfigurationPlatforms) = preSolution
		Debug|Any CPU = Debug|Any CPU
		Release|Any CPU = Release|Any CPU
	EndGlobalSection
	GlobalSection(ProjectConfigurationPlatforms) = postSolution
		{D511B78B-B3B3-4E91-9C4E-0EDAB9760958}.Debug|Any CPU.ActiveCfg = Debug|Any CPU
		{D511B78B-B3B3-4E91-9C4E-0EDAB9760958}.Debug|Any CPU.Build.0 = Debug|Any CPU
		{D511B78B-B3B3-4E91-9C4E-0EDAB9760958}.Release|Any CPU.ActiveCfg = Release|Any CPU
		{D511B78B-B3B3-4E91-9C4E-0EDAB9760958}.Release|Any CPU.Build.0 = Release|Any CPU
	EndGlobalSection
	GlobalSection(SolutionProperties) = preSolution
		HideSolutionNode = FALSE
	EndGlobalSection
	GlobalSection(ExtensibilityGlobals) = postSolution
		SolutionGuid = {EC1B6523-1CE7-45AB-85CF-4C3DF886B446}
	EndGlobalSection
EndGlobal
